
Microsoft Visual Studio Solution File, Format Version 12.00
# Visual Studio Version 17
VisualStudioVersion = 17.12.35527.113 d17.12
MinimumVisualStudioVersion = 10.0.40219.1
Project("{FAE04EC0-301F-11D3-BF4B-00C04F79EFBC}") = "HelloCheck.Server", "HelloCheck.Server\HelloCheck.Server.csproj", "{0F4D95FD-C71F-416B-A740-2F074E009D91}"
EndProject
Project("{54A90642-561A-4BB1-A94E-469ADEE60C69}") = "hellocheck.client", "hellocheck.client\hellocheck.client.esproj", "{5EADC35E-E778-4BB9-9D26-D5BE56960871}"
EndProject
Global
	GlobalSection(SolutionConfigurationPlatforms) = preSolution
		Debug|Any CPU = Debug|Any CPU
		Release|Any CPU = Release|Any CPU
	EndGlobalSection
	GlobalSection(ProjectConfigurationPlatforms) = postSolution
		{0F4D95FD-C71F-416B-A740-2F074E009D91}.Debug|Any CPU.ActiveCfg = Debug|Any CPU
		{0F4D95FD-C71F-416B-A740-2F074E009D91}.Debug|Any CPU.Build.0 = Debug|Any CPU
		{0F4D95FD-C71F-416B-A740-2F074E009D91}.Release|Any CPU.ActiveCfg = Release|Any CPU
		{0F4D95FD-C71F-416B-A740-2F074E009D91}.Release|Any CPU.Build.0 = Release|Any CPU
		{5EADC35E-E778-4BB9-9D26-D5BE56960871}.Debug|Any CPU.ActiveCfg = Debug|Any CPU
		{5EADC35E-E778-4BB9-9D26-D5BE56960871}.Debug|Any CPU.Build.0 = Debug|Any CPU
		{5EADC35E-E778-4BB9-9D26-D5BE56960871}.Debug|Any CPU.Deploy.0 = Debug|Any CPU
		{5EADC35E-E778-4BB9-9D26-D5BE56960871}.Release|Any CPU.ActiveCfg = Release|Any CPU
		{5EADC35E-E778-4BB9-9D26-D5BE56960871}.Release|Any CPU.Build.0 = Release|Any CPU
		{5EADC35E-E778-4BB9-9D26-D5BE56960871}.Release|Any CPU.Deploy.0 = Release|Any CPU
	EndGlobalSection
	GlobalSection(SolutionProperties) = preSolution
		HideSolutionNode = FALSE
	EndGlobalSection
EndGlobal
